{
  "name": "noname-plugin",
  "version": "3.0.1",
  "lockfileVersion": 2,
  "requires": true,
  "packages": {
    "": {
      "name": "noname-plugin",
      "version": "3.0.1",
      "bundleDependencies": [
        "better-queue",
        "https-proxy-agent"
      ],
      "license": "ISC",
      "dependencies": {
        "better-queue": "^3.8.10",
        "https-proxy-agent": "^5.0.1"
      },
      "engines": {
        "node": "^12 || ^14 || ^16"
      }
    },
    "node_modules/agent-base": {
      "version": "6.0.2",
      "resolved": "https://registry.npmjs.org/agent-base/-/agent-base-6.0.2.tgz",
      "integrity": "sha512-RZNwNclF7+MS/8bDg70amg32dyeZGZxiDuQmZxKLAlQjr3jGyLx+4Kkk58UO7D2QdgFIQCovuSuZESne6RG6XQ==",
      "inBundle": true,
      "dependencies": {
        "debug": "4"
      },
      "engines": {
        "node": ">= 6.0.0"
      }
    },
    "node_modules/better-queue": {
      "version": "3.8.10",
      "resolved": "https://registry.npmjs.org/better-queue/-/better-queue-3.8.10.tgz",
      "integrity": "sha512-e3gwNZgDCnNWl0An0Tz6sUjKDV9m6aB+K9Xg//vYeo8+KiH8pWhLFxkawcXhm6FpM//GfD9IQv/kmvWCAVVpKA==",
      "inBundle": true,
      "dependencies": {
        "better-queue-memory": "^1.0.1",
        "node-eta": "^0.9.0",
        "uuid": "^3.0.0"
      }
    },
    "node_modules/better-queue-memory": {
      "version": "1.0.4",
      "resolved": "https://registry.npmjs.org/better-queue-memory/-/better-queue-memory-1.0.4.tgz",
      "integrity": "sha512-SWg5wFIShYffEmJpI6LgbL8/3Dqhku7xI1oEiy6FroP9DbcZlG0ZDjxvPdP9t7hTGW40IpIcC6zVoGT1oxjOuA==",
      "inBundle": true
    },
    "node_modules/debug": {
      "version": "4.3.4",
      "resolved": "https://registry.npmjs.org/debug/-/debug-4.3.4.tgz",
      "integrity": "sha512-PRWFHuSU3eDtQJPvnNY7Jcket1j0t5OuOsFzPPzsekD52Zl8qUfFIPEiswXqIvHWGVHOgX+7G/vCNNhehwxfkQ==",
      "inBundle": true,
      "dependencies": {
        "ms": "2.1.2"
      },
      "engines": {
        "node": ">=6.0"
      },
      "peerDependenciesMeta": {
        "supports-color": {
          "optional": true
        }
      }
    },
    "node_modules/https-proxy-agent": {
      "version": "5.0.1",
      "resolved": "https://registry.npmjs.org/https-proxy-agent/-/https-proxy-agent-5.0.1.tgz",
      "integrity": "sha512-dFcAjpTQFgoLMzC2VwU+C/CbS7uRL0lWmxDITmqm7C+7F0Odmj6s9l6alZc6AELXhrnggM2CeWSXHGOdX2YtwA==",
      "inBundle": true,
      "dependencies": {
        "agent-base": "6",
        "debug": "4"
      },
      "engines": {
        "node": ">= 6"
      }
    },
    "node_modules/ms": {
      "version": "2.1.2",
      "resolved": "https://registry.npmjs.org/ms/-/ms-2.1.2.tgz",
      "integrity": "sha512-sGkPx+VjMtmA6MX27oA4FBFELFCZZ4S4XqeGOXCv68tT+jb3vk/RyaKWP0PTKyWtmLSM0b+adUTEvbs1PEaH2w==",
      "inBundle": true
    },
    "node_modules/node-eta": {
      "version": "0.9.0",
      "resolved": "https://registry.npmjs.org/node-eta/-/node-eta-0.9.0.tgz",
      "integrity": "sha512-mTCTZk29tmX1OGfVkPt63H3c3VqXrI2Kvua98S7iUIB/Gbp0MNw05YtUomxQIxnnKMyRIIuY9izPcFixzhSBrA==",
      "inBundle": true
    },
    "node_modules/uuid": {
      "version": "3.4.0",
      "resolved": "https://registry.npmjs.org/uuid/-/uuid-3.4.0.tgz",
      "integrity": "sha512-HjSDRw6gZE5JMggctHBcjVak08+KEVhSIiDzFnT9S9aegmp85S/bReBVTb4QTFaRNptJ9kuYaNhnbNEOkbKb/A==",
      "deprecated": "Please upgrade  to version 7 or higher.  Older versions may use Math.random() in certain circumstances, which is known to be problematic.  See https://v8.dev/blog/math-random for details.",
      "inBundle": true,
      "bin": {
        "uuid": "bin/uuid"
      }
    }
  },
  "dependencies": {
    "agent-base": {
      "version": "6.0.2",
      "resolved": "https://registry.npmjs.org/agent-base/-/agent-base-6.0.2.tgz",
      "integrity": "sha512-RZNwNclF7+MS/8bDg70amg32dyeZGZxiDuQmZxKLAlQjr3jGyLx+4Kkk58UO7D2QdgFIQCovuSuZESne6RG6XQ==",
      "requires": {
        "debug": "4"
      }
    },
    "better-queue": {
      "version": "3.8.10",
      "resolved": "https://registry.npmjs.org/better-queue/-/better-queue-3.8.10.tgz",
      "integrity": "sha512-e3gwNZgDCnNWl0An0Tz6sUjKDV9m6aB+K9Xg//vYeo8+KiH8pWhLFxkawcXhm6FpM//GfD9IQv/kmvWCAVVpKA==",
      "requires": {
        "better-queue-memory": "^1.0.1",
        "node-eta": "^0.9.0",
        "uuid": "^3.0.0"
      }
    },
    "better-queue-memory": {
      "version": "1.0.4",
      "resolved": "https://registry.npmjs.org/better-queue-memory/-/better-queue-memory-1.0.4.tgz",
      "integrity": "sha512-SWg5wFIShYffEmJpI6LgbL8/3Dqhku7xI1oEiy6FroP9DbcZlG0ZDjxvPdP9t7hTGW40IpIcC6zVoGT1oxjOuA=="
    },
    "debug": {
      "version": "4.3.4",
      "resolved": "https://registry.npmjs.org/debug/-/debug-4.3.4.tgz",
      "integrity": "sha512-PRWFHuSU3eDtQJPvnNY7Jcket1j0t5OuOsFzPPzsekD52Zl8qUfFIPEiswXqIvHWGVHOgX+7G/vCNNhehwxfkQ==",
      "requires": {
        "ms": "2.1.2"
      }
    },
    "https-proxy-agent": {
      "version": "5.0.1",
      "resolved": "https://registry.npmjs.org/https-proxy-agent/-/https-proxy-agent-5.0.1.tgz",
      "integrity": "sha512-dFcAjpTQFgoLMzC2VwU+C/CbS7uRL0lWmxDITmqm7C+7F0Odmj6s9l6alZc6AELXhrnggM2CeWSXHGOdX2YtwA==",
      "requires": {
        "agent-base": "6",
        "debug": "4"
      }
    },
    "ms": {
      "version": "2.1.2",
      "resolved": "https://registry.npmjs.org/ms/-/ms-2.1.2.tgz",
      "integrity": "sha512-sGkPx+VjMtmA6MX27oA4FBFELFCZZ4S4XqeGOXCv68tT+jb3vk/RyaKWP0PTKyWtmLSM0b+adUTEvbs1PEaH2w=="
    },
    "node-eta": {
      "version": "0.9.0",
      "resolved": "https://registry.npmjs.org/node-eta/-/node-eta-0.9.0.tgz",
      "integrity": "sha512-mTCTZk29tmX1OGfVkPt63H3c3VqXrI2Kvua98S7iUIB/Gbp0MNw05YtUomxQIxnnKMyRIIuY9izPcFixzhSBrA=="
    },
    "uuid": {
      "version": "3.4.0",
      "resolved": "https://registry.npmjs.org/uuid/-/uuid-3.4.0.tgz",
      "integrity": "sha512-HjSDRw6gZE5JMggctHBcjVak08+KEVhSIiDzFnT9S9aegmp85S/bReBVTb4QTFaRNptJ9kuYaNhnbNEOkbKb/A=="
    }
  }
}